
Microsoft Visual Studio Solution File, Format Version 12.00
# Visual Studio Version 17
VisualStudioVersion = 17.8.34330.188
MinimumVisualStudioVersion = 10.0.40219.1
Project("{FAE04EC0-301F-11D3-BF4B-00C04F79EFBC}") = "OrbitQoL", "OrbitQoL/OrbitQoL.csproj", "{B5CD2BA8-364D-4E18-8389-30651A821A71}"
EndProject
Global
	GlobalSection(SolutionConfigurationPlatforms) = preSolution
		Debug|Any CPU = Debug|Any CPU
		Debug|x64 = Debug|x64
		Debug|x86 = Debug|x86
		Release|Any CPU = Release|Any CPU
		Release|x64 = Release|x64
		Release|x86 = Release|x86
	EndGlobalSection
	GlobalSection(ProjectConfigurationPlatforms) = postSolution
		{B5CD2BA8-364D-4E18-8389-30651A821A71}.Debug|Any CPU.ActiveCfg = Debug|Any CPU
		{B5CD2BA8-364D-4E18-8389-30651A821A71}.Debug|Any CPU.Build.0 = Debug|Any CPU
		{B5CD2BA8-364D-4E18-8389-30651A821A71}.Debug|x64.ActiveCfg = Debug|x64
		{B5CD2BA8-364D-4E18-8389-30651A821A71}.Debug|x64.Build.0 = Debug|x64
		{B5CD2BA8-364D-4E18-8389-30651A821A71}.Debug|x86.ActiveCfg = Debug|x86
		{B5CD2BA8-364D-4E18-8389-30651A821A71}.Debug|x86.Build.0 = Debug|x86
		{B5CD2BA8-364D-4E18-8389-30651A821A71}.Release|Any CPU.ActiveCfg = Release|Any CPU
		{B5CD2BA8-364D-4E18-8389-30651A821A71}.Release|Any CPU.Build.0 = Release|Any CPU
		{B5CD2BA8-364D-4E18-8389-30651A821A71}.Release|x64.ActiveCfg = Release|x64
		{B5CD2BA8-364D-4E18-8389-30651A821A71}.Release|x64.Build.0 = Release|x64
		{B5CD2BA8-364D-4E18-8389-30651A821A71}.Release|x86.ActiveCfg = Release|x86
		{B5CD2BA8-364D-4E18-8389-30651A821A71}.Release|x86.Build.0 = Release|x86
	EndGlobalSection
	GlobalSection(SolutionProperties) = preSolution
		HideSolutionNode = FALSE
	EndGlobalSection
	GlobalSection(ExtensibilityGlobals) = postSolution
		SolutionGuid = {67A7A16B-13CA-4290-A3C2-B62932182327}
	EndGlobalSection
EndGlobal
